
Microsoft Visual Studio Solution File, Format Version 12.00
# Visual Studio Version 16
VisualStudioVersion = 16.0.31729.503
MinimumVisualStudioVersion = 10.0.40219.1
Project("{FAE04EC0-301F-11D3-BF4B-00C04F79EFBC}") = "TaskMaster", "TaskMaster.csproj", "{EFA168B7-5ED3-4972-872F-A6C8807ADED0}"
EndProject
Global
	GlobalSection(SolutionConfigurationPlatforms) = preSolution
		Debug|Any CPU = Debug|Any CPU
		Release|Any CPU = Release|Any CPU
	EndGlobalSection
	GlobalSection(ProjectConfigurationPlatforms) = postSolution
		{EFA168B7-5ED3-4972-872F-A6C8807ADED0}.Debug|Any CPU.ActiveCfg = Debug|Any CPU
		{EFA168B7-5ED3-4972-872F-A6C8807ADED0}.Debug|Any CPU.Build.0 = Debug|Any CPU
		{EFA168B7-5ED3-4972-872F-A6C8807ADED0}.Release|Any CPU.ActiveCfg = Release|Any CPU
		{EFA168B7-5ED3-4972-872F-A6C8807ADED0}.Release|Any CPU.Build.0 = Release|Any CPU
	EndGlobalSection
	GlobalSection(SolutionProperties) = preSolution
		HideSolutionNode = FALSE
	EndGlobalSection
	GlobalSection(ExtensibilityGlobals) = postSolution
		SolutionGuid = {1E8A71B0-ACED-43A3-A7BE-15C1C0F4ED0A}
	EndGlobalSection
EndGlobal
